// !$*UTF8*$!
{
	archiveVersion = 1;
	classes = {
	};
	objectVersion = 46;
	objects = {

/* Begin PBXBuildFile section */
		9E96CCD6FF79FB592CFD857D /* libPods.a in Frameworks */ = {isa = PBXBuildFile; fileRef = E46A25AE441F62B95BEEF856 /* libPods.a */; };
		C13626CB1AA1D77B0050ED61 /* main.m in Sources */ = {isa = PBXBuildFile; fileRef = C13626CA1AA1D77B0050ED61 /* main.m */; };
		C13626CE1AA1D77B0050ED61 /* AppDelegate.m in Sources */ = {isa = PBXBuildFile; fileRef = C13626CD1AA1D77B0050ED61 /* AppDelegate.m */; };
		C13626D41AA1D77B0050ED61 /* Main.storyboard in Resources */ = {isa = PBXBuildFile; fileRef = C13626D21AA1D77B0050ED61 /* Main.storyboard */; };
		C13626D61AA1D77B0050ED61 /* Images.xcassets in Resources */ = {isa = PBXBuildFile; fileRef = C13626D51AA1D77B0050ED61 /* Images.xcassets */; };
		C13626D91AA1D77B0050ED61 /* LaunchScreen.xib in Resources */ = {isa = PBXBuildFile; fileRef = C13626D71AA1D77B0050ED61 /* LaunchScreen.xib */; };
		C13626E51AA1D77C0050ED61 /* SinaWeiboTests.m in Sources */ = {isa = PBXBuildFile; fileRef = C13626E41AA1D77C0050ED61 /* SinaWeiboTests.m */; };
		C13627001AA1E8EF0050ED61 /* button_background.png in Resources */ = {isa = PBXBuildFile; fileRef = C13626F11AA1E8EF0050ED61 /* button_background.png */; };
		C13627011AA1E8EF0050ED61 /* button_background@2x.png in Resources */ = {isa = PBXBuildFile; fileRef = C13626F21AA1E8EF0050ED61 /* button_background@2x.png */; };
		C13627021AA1E8EF0050ED61 /* button_background_disabled.png in Resources */ = {isa = PBXBuildFile; fileRef = C13626F31AA1E8EF0050ED61 /* button_background_disabled.png */; };
		C13627031AA1E8EF0050ED61 /* button_background_disabled@2x.png in Resources */ = {isa = PBXBuildFile; fileRef = C13626F41AA1E8EF0050ED61 /* button_background_disabled@2x.png */; };
		C13627041AA1E8EF0050ED61 /* logo.png in Resources */ = {isa = PBXBuildFile; fileRef = C13626F51AA1E8EF0050ED61 /* logo.png */; };
		C13627051AA1E8EF0050ED61 /* logo@2x.png in Resources */ = {isa = PBXBuildFile; fileRef = C13626F61AA1E8EF0050ED61 /* logo@2x.png */; };
		C13627061AA1E8EF0050ED61 /* SinaWeibo.bundle in Resources */ = {isa = PBXBuildFile; fileRef = C13626F81AA1E8EF0050ED61 /* SinaWeibo.bundle */; };
		C13627071AA1E8EF0050ED61 /* SinaWeibo.m in Sources */ = {isa = PBXBuildFile; fileRef = C13626FA1AA1E8EF0050ED61 /* SinaWeibo.m */; };
		C13627081AA1E8EF0050ED61 /* SinaWeiboAuthorizeView.m in Sources */ = {isa = PBXBuildFile; fileRef = C13626FC1AA1E8EF0050ED61 /* SinaWeiboAuthorizeView.m */; };
		C13627091AA1E8EF0050ED61 /* SinaWeiboRequest.m in Sources */ = {isa = PBXBuildFile; fileRef = C13626FF1AA1E8EF0050ED61 /* SinaWeiboRequest.m */; };
		C13627101AA1EC2D0050ED61 /* SWCommonViewController.m in Sources */ = {isa = PBXBuildFile; fileRef = C136270F1AA1EC2D0050ED61 /* SWCommonViewController.m */; };
		C13627131AA1EC990050ED61 /* SWHomeViewController.m in Sources */ = {isa = PBXBuildFile; fileRef = C13627121AA1EC990050ED61 /* SWHomeViewController.m */; };
		C1E1883E1AA3519C0035A079 /* SWNotificationViewController.m in Sources */ = {isa = PBXBuildFile; fileRef = C1E1883D1AA3519C0035A079 /* SWNotificationViewController.m */; };
		C1E188431AA356D60035A079 /* SWSearchViewController.m in Sources */ = {isa = PBXBuildFile; fileRef = C1E188421AA356D60035A079 /* SWSearchViewController.m */; };
		C1E188461AA356E50035A079 /* SWUserViewController.m in Sources */ = {isa = PBXBuildFile; fileRef = C1E188451AA356E50035A079 /* SWUserViewController.m */; };
/* End PBXBuildFile section */

/* Begin PBXContainerItemProxy section */
		C13626DF1AA1D77C0050ED61 /* PBXContainerItemProxy */ = {
			isa = PBXContainerItemProxy;
			containerPortal = C13626BD1AA1D77B0050ED61 /* Project object */;
			proxyType = 1;
			remoteGlobalIDString = C13626C41AA1D77B0050ED61;
			remoteInfo = SinaWeibo;
		};
/* End PBXContainerItemProxy section */

/* Begin PBXFileReference section */
		6EF18D3258CC65FD03DD409D /* Pods.debug.xcconfig */ = {isa = PBXFileReference; includeInIndex = 1; lastKnownFileType = text.xcconfig; name = Pods.debug.xcconfig; path = "Pods/Target Support Files/Pods/Pods.debug.xcconfig"; sourceTree = "<group>"; };
		900A930AC10CF71D63048822 /* Pods.release.xcconfig */ = {isa = PBXFileReference; includeInIndex = 1; lastKnownFileType = text.xcconfig; name = Pods.release.xcconfig; path = "Pods/Target Support Files/Pods/Pods.release.xcconfig"; sourceTree = "<group>"; };
		C13626C51AA1D77B0050ED61 /* SinaWeibo.app */ = {isa = PBXFileReference; explicitFileType = wrapper.application; includeInIndex = 0; path = SinaWeibo.app; sourceTree = BUILT_PRODUCTS_DIR; };
		C13626C91AA1D77B0050ED61 /* Info.plist */ = {isa = PBXFileReference; lastKnownFileType = text.plist.xml; path = Info.plist; sourceTree = "<group>"; };
		C13626CA1AA1D77B0050ED61 /* main.m */ = {isa = PBXFileReference; lastKnownFileType = sourcecode.c.objc; path = main.m; sourceTree = "<group>"; };
		C13626CC1AA1D77B0050ED61 /* AppDelegate.h */ = {isa = PBXFileReference; lastKnownFileType = sourcecode.c.h; path = AppDelegate.h; sourceTree = "<group>"; };
		C13626CD1AA1D77B0050ED61 /* AppDelegate.m */ = {isa = PBXFileReference; lastKnownFileType = sourcecode.c.objc; path = AppDelegate.m; sourceTree = "<group>"; };
		C13626D31AA1D77B0050ED61 /* Base */ = {isa = PBXFileReference; lastKnownFileType = file.storyboard; name = Base; path = Base.lproj/Main.storyboard; sourceTree = "<group>"; };
		C13626D51AA1D77B0050ED61 /* Images.xcassets */ = {isa = PBXFileReference; lastKnownFileType = folder.assetcatalog; path = Images.xcassets; sourceTree = "<group>"; };
		C13626D81AA1D77B0050ED61 /* Base */ = {isa = PBXFileReference; lastKnownFileType = file.xib; name = Base; path = Base.lproj/LaunchScreen.xib; sourceTree = "<group>"; };
		C13626DE1AA1D77C0050ED61 /* SinaWeiboTests.xctest */ = {isa = PBXFileReference; explicitFileType = wrapper.cfbundle; includeInIndex = 0; path = SinaWeiboTests.xctest; sourceTree = BUILT_PRODUCTS_DIR; };
		C13626E31AA1D77C0050ED61 /* Info.plist */ = {isa = PBXFileReference; lastKnownFileType = text.plist.xml; path = Info.plist; sourceTree = "<group>"; };
		C13626E41AA1D77C0050ED61 /* SinaWeiboTests.m */ = {isa = PBXFileReference; lastKnownFileType = sourcecode.c.objc; path = SinaWeiboTests.m; sourceTree = "<group>"; };
		C13626F11AA1E8EF0050ED61 /* button_background.png */ = {isa = PBXFileReference; lastKnownFileType = image.png; path = button_background.png; sourceTree = "<group>"; };
		C13626F21AA1E8EF0050ED61 /* button_background@2x.png */ = {isa = PBXFileReference; lastKnownFileType = image.png; path = "button_background@2x.png"; sourceTree = "<group>"; };
		C13626F31AA1E8EF0050ED61 /* button_background_disabled.png */ = {isa = PBXFileReference; lastKnownFileType = image.png; path = button_background_disabled.png; sourceTree = "<group>"; };
		C13626F41AA1E8EF0050ED61 /* button_background_disabled@2x.png */ = {isa = PBXFileReference; lastKnownFileType = image.png; path = "button_background_disabled@2x.png"; sourceTree = "<group>"; };
		C13626F51AA1E8EF0050ED61 /* logo.png */ = {isa = PBXFileReference; lastKnownFileType = image.png; path = logo.png; sourceTree = "<group>"; };
		C13626F61AA1E8EF0050ED61 /* logo@2x.png */ = {isa = PBXFileReference; lastKnownFileType = image.png; path = "logo@2x.png"; sourceTree = "<group>"; };
		C13626F81AA1E8EF0050ED61 /* SinaWeibo.bundle */ = {isa = PBXFileReference; lastKnownFileType = "wrapper.plug-in"; path = SinaWeibo.bundle; sourceTree = "<group>"; };
		C13626F91AA1E8EF0050ED61 /* SinaWeibo.h */ = {isa = PBXFileReference; fileEncoding = 4; lastKnownFileType = sourcecode.c.h; path = SinaWeibo.h; sourceTree = "<group>"; };
		C13626FA1AA1E8EF0050ED61 /* SinaWeibo.m */ = {isa = PBXFileReference; fileEncoding = 4; lastKnownFileType = sourcecode.c.objc; path = SinaWeibo.m; sourceTree = "<group>"; };
		C13626FB1AA1E8EF0050ED61 /* SinaWeiboAuthorizeView.h */ = {isa = PBXFileReference; fileEncoding = 4; lastKnownFileType = sourcecode.c.h; path = SinaWeiboAuthorizeView.h; sourceTree = "<group>"; };
		C13626FC1AA1E8EF0050ED61 /* SinaWeiboAuthorizeView.m */ = {isa = PBXFileReference; fileEncoding = 4; lastKnownFileType = sourcecode.c.objc; path = SinaWeiboAuthorizeView.m; sourceTree = "<group>"; };
		C13626FD1AA1E8EF0050ED61 /* SinaWeiboConstants.h */ = {isa = PBXFileReference; fileEncoding = 4; lastKnownFileType = sourcecode.c.h; path = SinaWeiboConstants.h; sourceTree = "<group>"; };
		C13626FE1AA1E8EF0050ED61 /* SinaWeiboRequest.h */ = {isa = PBXFileReference; fileEncoding = 4; lastKnownFileType = sourcecode.c.h; path = SinaWeiboRequest.h; sourceTree = "<group>"; };
		C13626FF1AA1E8EF0050ED61 /* SinaWeiboRequest.m */ = {isa = PBXFileReference; fileEncoding = 4; lastKnownFileType = sourcecode.c.objc; path = SinaWeiboRequest.m; sourceTree = "<group>"; };
		C136270E1AA1EC2D0050ED61 /* SWCommonViewController.h */ = {isa = PBXFileReference; fileEncoding = 4; lastKnownFileType = sourcecode.c.h; path = SWCommonViewController.h; sourceTree = "<group>"; };
		C136270F1AA1EC2D0050ED61 /* SWCommonViewController.m */ = {isa = PBXFileReference; fileEncoding = 4; lastKnownFileType = sourcecode.c.objc; path = SWCommonViewController.m; sourceTree = "<group>"; };
		C13627111AA1EC990050ED61 /* SWHomeViewController.h */ = {isa = PBXFileReference; fileEncoding = 4; lastKnownFileType = sourcecode.c.h; path = SWHomeViewController.h; sourceTree = "<group>"; };
		C13627121AA1EC990050ED61 /* SWHomeViewController.m */ = {isa = PBXFileReference; fileEncoding = 4; lastKnownFileType = sourcecode.c.objc; path = SWHomeViewController.m; sourceTree = "<group>"; };
		C13627151AA1EDF60050ED61 /* SinaWeibo-Prefix.pch */ = {isa = PBXFileReference; lastKnownFileType = sourcecode.c.h; path = "SinaWeibo-Prefix.pch"; sourceTree = "<group>"; };
		C13627161AA1EF060050ED61 /* CONSTANTS.h */ = {isa = PBXFileReference; lastKnownFileType = sourcecode.c.h; path = CONSTANTS.h; sourceTree = "<group>"; };
		C1E1883C1AA3519C0035A079 /* SWNotificationViewController.h */ = {isa = PBXFileReference; fileEncoding = 4; lastKnownFileType = sourcecode.c.h; path = SWNotificationViewController.h; sourceTree = "<group>"; };
		C1E1883D1AA3519C0035A079 /* SWNotificationViewController.m */ = {isa = PBXFileReference; fileEncoding = 4; lastKnownFileType = sourcecode.c.objc; path = SWNotificationViewController.m; sourceTree = "<group>"; };
		C1E188411AA356D60035A079 /* SWSearchViewController.h */ = {isa = PBXFileReference; fileEncoding = 4; lastKnownFileType = sourcecode.c.h; path = SWSearchViewController.h; sourceTree = "<group>"; };
		C1E188421AA356D60035A079 /* SWSearchViewController.m */ = {isa = PBXFileReference; fileEncoding = 4; lastKnownFileType = sourcecode.c.objc; path = SWSearchViewController.m; sourceTree = "<group>"; };
		C1E188441AA356E50035A079 /* SWUserViewController.h */ = {isa = PBXFileReference; fileEncoding = 4; lastKnownFileType = sourcecode.c.h; path = SWUserViewController.h; sourceTree = "<group>"; };
		C1E188451AA356E50035A079 /* SWUserViewController.m */ = {isa = PBXFileReference; fileEncoding = 4; lastKnownFileType = sourcecode.c.objc; path = SWUserViewController.m; sourceTree = "<group>"; };
		E46A25AE441F62B95BEEF856 /* libPods.a */ = {isa = PBXFileReference; explicitFileType = archive.ar; includeInIndex = 0; path = libPods.a; sourceTree = BUILT_PRODUCTS_DIR; };
/* End PBXFileReference section */

/* Begin PBXFrameworksBuildPhase section */
		C13626C21AA1D77B0050ED61 /* Frameworks */ = {
			isa = PBXFrameworksBuildPhase;
			buildActionMask = 2147483647;
			files = (
				9E96CCD6FF79FB592CFD857D /* libPods.a in Frameworks */,
			);
			runOnlyForDeploymentPostprocessing = 0;
		};
		C13626DB1AA1D77C0050ED61 /* Frameworks */ = {
			isa = PBXFrameworksBuildPhase;
			buildActionMask = 2147483647;
			files = (
			);
			runOnlyForDeploymentPostprocessing = 0;
		};
/* End PBXFrameworksBuildPhase section */

/* Begin PBXGroup section */
		5513E82FFF5C592091EDF68F /* Frameworks */ = {
			isa = PBXGroup;
			children = (
				E46A25AE441F62B95BEEF856 /* libPods.a */,
			);
			name = Frameworks;
			sourceTree = "<group>";
		};
		B7CECDFC38D823324214DCF4 /* Pods */ = {
			isa = PBXGroup;
			children = (
				6EF18D3258CC65FD03DD409D /* Pods.debug.xcconfig */,
				900A930AC10CF71D63048822 /* Pods.release.xcconfig */,
			);
			name = Pods;
			sourceTree = "<group>";
		};
		C13626BC1AA1D77B0050ED61 = {
			isa = PBXGroup;
			children = (
				C13626EF1AA1E8EF0050ED61 /* SinaWebSDK */,
				C13626C71AA1D77B0050ED61 /* SinaWeibo */,
				C13626E11AA1D77C0050ED61 /* SinaWeiboTests */,
				C13626C61AA1D77B0050ED61 /* Products */,
				B7CECDFC38D823324214DCF4 /* Pods */,
				5513E82FFF5C592091EDF68F /* Frameworks */,
			);
			sourceTree = "<group>";
		};
		C13626C61AA1D77B0050ED61 /* Products */ = {
			isa = PBXGroup;
			children = (
				C13626C51AA1D77B0050ED61 /* SinaWeibo.app */,
				C13626DE1AA1D77C0050ED61 /* SinaWeiboTests.xctest */,
			);
			name = Products;
			sourceTree = "<group>";
		};
		C13626C71AA1D77B0050ED61 /* SinaWeibo */ = {
			isa = PBXGroup;
			children = (
				C1E1883F1AA356A50035A079 /* Search */,
				C1E188401AA356A50035A079 /* User */,
				C1E1883B1AA3517A0035A079 /* Notification */,
				C136270D1AA1EBF50050ED61 /* Common */,
				C13626EE1AA1E8A90050ED61 /* Home */,
				C13626CC1AA1D77B0050ED61 /* AppDelegate.h */,
				C13626CD1AA1D77B0050ED61 /* AppDelegate.m */,
				C13626D21AA1D77B0050ED61 /* Main.storyboard */,
				C13626D51AA1D77B0050ED61 /* Images.xcassets */,
				C13626D71AA1D77B0050ED61 /* LaunchScreen.xib */,
				C13626C81AA1D77B0050ED61 /* Supporting Files */,
				C13627161AA1EF060050ED61 /* CONSTANTS.h */,
			);
			path = SinaWeibo;
			sourceTree = "<group>";
		};
		C13626C81AA1D77B0050ED61 /* Supporting Files */ = {
			isa = PBXGroup;
			children = (
				C13626C91AA1D77B0050ED61 /* Info.plist */,
				C13626CA1AA1D77B0050ED61 /* main.m */,
				C13627151AA1EDF60050ED61 /* SinaWeibo-Prefix.pch */,
			);
			name = "Supporting Files";
			sourceTree = "<group>";
		};
		C13626E11AA1D77C0050ED61 /* SinaWeiboTests */ = {
			isa = PBXGroup;
			children = (
				C13626E41AA1D77C0050ED61 /* SinaWeiboTests.m */,
				C13626E21AA1D77C0050ED61 /* Supporting Files */,
			);
			path = SinaWeiboTests;
			sourceTree = "<group>";
		};
		C13626E21AA1D77C0050ED61 /* Supporting Files */ = {
			isa = PBXGroup;
			children = (
				C13626E31AA1D77C0050ED61 /* Info.plist */,
			);
			name = "Supporting Files";
			sourceTree = "<group>";
		};
		C13626EE1AA1E8A90050ED61 /* Home */ = {
			isa = PBXGroup;
			children = (
				C13627111AA1EC990050ED61 /* SWHomeViewController.h */,
				C13627121AA1EC990050ED61 /* SWHomeViewController.m */,
			);
			path = Home;
			sourceTree = "<group>";
		};
		C13626EF1AA1E8EF0050ED61 /* SinaWebSDK */ = {
			isa = PBXGroup;
			children = (
				C13626F01AA1E8EF0050ED61 /* Resources */,
				C13626F71AA1E8EF0050ED61 /* SinaWeibo */,
			);
			name = SinaWebSDK;
			path = SinaWeibo/SinaWeb;
			sourceTree = "<group>";
		};
		C13626F01AA1E8EF0050ED61 /* Resources */ = {
			isa = PBXGroup;
			children = (
				C13626F11AA1E8EF0050ED61 /* button_background.png */,
				C13626F21AA1E8EF0050ED61 /* button_background@2x.png */,
				C13626F31AA1E8EF0050ED61 /* button_background_disabled.png */,
				C13626F41AA1E8EF0050ED61 /* button_background_disabled@2x.png */,
				C13626F51AA1E8EF0050ED61 /* logo.png */,
				C13626F61AA1E8EF0050ED61 /* logo@2x.png */,
			);
			path = Resources;
			sourceTree = "<group>";
		};
		C13626F71AA1E8EF0050ED61 /* SinaWeibo */ = {
			isa = PBXGroup;
			children = (
				C13626F81AA1E8EF0050ED61 /* SinaWeibo.bundle */,
				C13626F91AA1E8EF0050ED61 /* SinaWeibo.h */,
				C13626FA1AA1E8EF0050ED61 /* SinaWeibo.m */,
				C13626FB1AA1E8EF0050ED61 /* SinaWeiboAuthorizeView.h */,
				C13626FC1AA1E8EF0050ED61 /* SinaWeiboAuthorizeView.m */,
				C13626FD1AA1E8EF0050ED61 /* SinaWeiboConstants.h */,
				C13626FE1AA1E8EF0050ED61 /* SinaWeiboRequest.h */,
				C13626FF1AA1E8EF0050ED61 /* SinaWeiboRequest.m */,
			);
			path = SinaWeibo;
			sourceTree = "<group>";
		};
		C136270D1AA1EBF50050ED61 /* Common */ = {
			isa = PBXGroup;
			children = (
				C136270E1AA1EC2D0050ED61 /* SWCommonViewController.h */,
				C136270F1AA1EC2D0050ED61 /* SWCommonViewController.m */,
			);
			path = Common;
			sourceTree = "<group>";
		};
		C1E1883B1AA3517A0035A079 /* Notification */ = {
			isa = PBXGroup;
			children = (
				C1E1883C1AA3519C0035A079 /* SWNotificationViewController.h */,
				C1E1883D1AA3519C0035A079 /* SWNotificationViewController.m */,
			);
			path = Notification;
			sourceTree = "<group>";
		};
		C1E1883F1AA356A50035A079 /* Search */ = {
			isa = PBXGroup;
			children = (
				C1E188411AA356D60035A079 /* SWSearchViewController.h */,
				C1E188421AA356D60035A079 /* SWSearchViewController.m */,
			);
			path = Search;
			sourceTree = "<group>";
		};
		C1E188401AA356A50035A079 /* User */ = {
			isa = PBXGroup;
			children = (
				C1E188441AA356E50035A079 /* SWUserViewController.h */,
				C1E188451AA356E50035A079 /* SWUserViewController.m */,
			);
			path = User;
			sourceTree = "<group>";
		};
/* End PBXGroup section */

/* Begin PBXNativeTarget section */
		C13626C41AA1D77B0050ED61 /* SinaWeibo */ = {
			isa = PBXNativeTarget;
			buildConfigurationList = C13626E81AA1D77C0050ED61 /* Build configuration list for PBXNativeTarget "SinaWeibo" */;
			buildPhases = (
				49AE6CBF33477A73EACC81DB /* Check Pods Manifest.lock */,
				C13626C11AA1D77B0050ED61 /* Sources */,
				C13626C21AA1D77B0050ED61 /* Frameworks */,
				C13626C31AA1D77B0050ED61 /* Resources */,
				BBCAB4EE9E51684A2C1D9486 /* Copy Pods Resources */,
			);
			buildRules = (
			);
			dependencies = (
			);
			name = SinaWeibo;
			productName = SinaWeibo;
			productReference = C13626C51AA1D77B0050ED61 /* SinaWeibo.app */;
			productType = "com.apple.product-type.application";
		};
		C13626DD1AA1D77C0050ED61 /* SinaWeiboTests */ = {
			isa = PBXNativeTarget;
			buildConfigurationList = C13626EB1AA1D77C0050ED61 /* Build configuration list for PBXNativeTarget "SinaWeiboTests" */;
			buildPhases = (
				C13626DA1AA1D77C0050ED61 /* Sources */,
				C13626DB1AA1D77C0050ED61 /* Frameworks */,
				C13626DC1AA1D77C0050ED61 /* Resources */,
			);
			buildRules = (
			);
			dependencies = (
				C13626E01AA1D77C0050ED61 /* PBXTargetDependency */,
			);
			name = SinaWeiboTests;
			productName = SinaWeiboTests;
			productReference = C13626DE1AA1D77C0050ED61 /* SinaWeiboTests.xctest */;
			productType = "com.apple.product-type.bundle.unit-test";
		};
/* End PBXNativeTarget section */

/* Begin PBXProject section */
		C13626BD1AA1D77B0050ED61 /* Project object */ = {
			isa = PBXProject;
			attributes = {
				LastUpgradeCheck = 0610;
				ORGANIZATIONNAME = zhuyoufeng;
				TargetAttributes = {
					C13626C41AA1D77B0050ED61 = {
						CreatedOnToolsVersion = 6.1.1;
					};
					C13626DD1AA1D77C0050ED61 = {
						CreatedOnToolsVersion = 6.1.1;
						TestTargetID = C13626C41AA1D77B0050ED61;
					};
				};
			};
			buildConfigurationList = C13626C01AA1D77B0050ED61 /* Build configuration list for PBXProject "SinaWeibo" */;
			compatibilityVersion = "Xcode 3.2";
			developmentRegion = English;
			hasScannedForEncodings = 0;
			knownRegions = (
				en,
				Base,
			);
			mainGroup = C13626BC1AA1D77B0050ED61;
			productRefGroup = C13626C61AA1D77B0050ED61 /* Products */;
			projectDirPath = "";
			projectRoot = "";
			targets = (
				C13626C41AA1D77B0050ED61 /* SinaWeibo */,
				C13626DD1AA1D77C0050ED61 /* SinaWeiboTests */,
			);
		};
/* End PBXProject section */

/* Begin PBXResourcesBuildPhase section */
		C13626C31AA1D77B0050ED61 /* Resources */ = {
			isa = PBXResourcesBuildPhase;
			buildActionMask = 2147483647;
			files = (
				C13627031AA1E8EF0050ED61 /* button_background_disabled@2x.png in Resources */,
				C13626D41AA1D77B0050ED61 /* Main.storyboard in Resources */,
				C13626D91AA1D77B0050ED61 /* LaunchScreen.xib in Resources */,
				C13627011AA1E8EF0050ED61 /* button_background@2x.png in Resources */,
				C13627041AA1E8EF0050ED61 /* logo.png in Resources */,
				C13626D61AA1D77B0050ED61 /* Images.xcassets in Resources */,
				C13627001AA1E8EF0050ED61 /* button_background.png in Resources */,
				C13627061AA1E8EF0050ED61 /* SinaWeibo.bundle in Resources */,
				C13627051AA1E8EF0050ED61 /* logo@2x.png in Resources */,
				C13627021AA1E8EF0050ED61 /* button_background_disabled.png in Resources */,
			);
			runOnlyForDeploymentPostprocessing = 0;
		};
		C13626DC1AA1D77C0050ED61 /* Resources */ = {
			isa = PBXResourcesBuildPhase;
			buildActionMask = 2147483647;
			files = (
			);
			runOnlyForDeploymentPostprocessing = 0;
		};
/* End PBXResourcesBuildPhase section */

/* Begin PBXShellScriptBuildPhase section */
		49AE6CBF33477A73EACC81DB /* Check Pods Manifest.lock */ = {
			isa = PBXShellScriptBuildPhase;
			buildActionMask = 2147483647;
			files = (
			);
			inputPaths = (
			);
			name = "Check Pods Manifest.lock";
			outputPaths = (
			);
			runOnlyForDeploymentPostprocessing = 0;
			shellPath = /bin/sh;
			shellScript = "diff \"${PODS_ROOT}/../Podfile.lock\" \"${PODS_ROOT}/Manifest.lock\" > /dev/null\nif [[ $? != 0 ]] ; then\n    cat << EOM\nerror: The sandbox is not in sync with the Podfile.lock. Run 'pod install' or update your CocoaPods installation.\nEOM\n    exit 1\nfi\n";
			showEnvVarsInLog = 0;
		};
		BBCAB4EE9E51684A2C1D9486 /* Copy Pods Resources */ = {
			isa = PBXShellScriptBuildPhase;
			buildActionMask = 2147483647;
			files = (
			);
			inputPaths = (
			);
			name = "Copy Pods Resources";
			outputPaths = (
			);
			runOnlyForDeploymentPostprocessing = 0;
			shellPath = /bin/sh;
			shellScript = "\"${SRCROOT}/Pods/Target Support Files/Pods/Pods-resources.sh\"\n";
			showEnvVarsInLog = 0;
		};
/* End PBXShellScriptBuildPhase section */

/* Begin PBXSourcesBuildPhase section */
		C13626C11AA1D77B0050ED61 /* Sources */ = {
			isa = PBXSourcesBuildPhase;
			buildActionMask = 2147483647;
			files = (
				C13627091AA1E8EF0050ED61 /* SinaWeiboRequest.m in Sources */,
				C1E1883E1AA3519C0035A079 /* SWNotificationViewController.m in Sources */,
				C1E188431AA356D60035A079 /* SWSearchViewController.m in Sources */,
				C13626CE1AA1D77B0050ED61 /* AppDelegate.m in Sources */,
				C13627131AA1EC990050ED61 /* SWHomeViewController.m in Sources */,
				C13627071AA1E8EF0050ED61 /* SinaWeibo.m in Sources */,
				C13627081AA1E8EF0050ED61 /* SinaWeiboAuthorizeView.m in Sources */,
				C1E188461AA356E50035A079 /* SWUserViewController.m in Sources */,
				C13627101AA1EC2D0050ED61 /* SWCommonViewController.m in Sources */,
				C13626CB1AA1D77B0050ED61 /* main.m in Sources */,
			);
			runOnlyForDeploymentPostprocessing = 0;
		};
		C13626DA1AA1D77C0050ED61 /* Sources */ = {
			isa = PBXSourcesBuildPhase;
			buildActionMask = 2147483647;
			files = (
				C13626E51AA1D77C0050ED61 /* SinaWeiboTests.m in Sources */,
			);
			runOnlyForDeploymentPostprocessing = 0;
		};
/* End PBXSourcesBuildPhase section */

/* Begin PBXTargetDependency section */
		C13626E01AA1D77C0050ED61 /* PBXTargetDependency */ = {
			isa = PBXTargetDependency;
			target = C13626C41AA1D77B0050ED61 /* SinaWeibo */;
			targetProxy = C13626DF1AA1D77C0050ED61 /* PBXContainerItemProxy */;
		};
/* End PBXTargetDependency section */

/* Begin PBXVariantGroup section */
		C13626D21AA1D77B0050ED61 /* Main.storyboard */ = {
			isa = PBXVariantGroup;
			children = (
				C13626D31AA1D77B0050ED61 /* Base */,
			);
			name = Main.storyboard;
			sourceTree = "<group>";
		};
		C13626D71AA1D77B0050ED61 /* LaunchScreen.xib */ = {
			isa = PBXVariantGroup;
			children = (
				C13626D81AA1D77B0050ED61 /* Base */,
			);
			name = LaunchScreen.xib;
			sourceTree = "<group>";
		};
/* End PBXVariantGroup section */

/* Begin XCBuildConfiguration section */
		C13626E61AA1D77C0050ED61 /* Debug */ = {
			isa = XCBuildConfiguration;
			buildSettings = {
				ALWAYS_SEARCH_USER_PATHS = NO;
				CLANG_CXX_LANGUAGE_STANDARD = "gnu++0x";
				CLANG_CXX_LIBRARY = "libc++";
				CLANG_ENABLE_MODULES = YES;
				CLANG_ENABLE_OBJC_ARC = YES;
				CLANG_WARN_BOOL_CONVERSION = YES;
				CLANG_WARN_CONSTANT_CONVERSION = YES;
				CLANG_WARN_DIRECT_OBJC_ISA_USAGE = YES_ERROR;
				CLANG_WARN_EMPTY_BODY = YES;
				CLANG_WARN_ENUM_CONVERSION = YES;
				CLANG_WARN_INT_CONVERSION = YES;
				CLANG_WARN_OBJC_ROOT_CLASS = YES_ERROR;
				CLANG_WARN_UNREACHABLE_CODE = YES;
				CLANG_WARN__DUPLICATE_METHOD_MATCH = YES;
				"CODE_SIGN_IDENTITY[sdk=iphoneos*]" = "iPhone Developer";
				COPY_PHASE_STRIP = NO;
				ENABLE_STRICT_OBJC_MSGSEND = YES;
				GCC_C_LANGUAGE_STANDARD = gnu99;
				GCC_DYNAMIC_NO_PIC = NO;
				GCC_OPTIMIZATION_LEVEL = 0;
				GCC_PREPROCESSOR_DEFINITIONS = (
					"DEBUG=1",
					"$(inherited)",
				);
				GCC_SYMBOLS_PRIVATE_EXTERN = NO;
				GCC_WARN_64_TO_32_BIT_CONVERSION = YES;
				GCC_WARN_ABOUT_RETURN_TYPE = YES_ERROR;
				GCC_WARN_UNDECLARED_SELECTOR = YES;
				GCC_WARN_UNINITIALIZED_AUTOS = YES_AGGRESSIVE;
				GCC_WARN_UNUSED_FUNCTION = YES;
				GCC_WARN_UNUSED_VARIABLE = YES;
				IPHONEOS_DEPLOYMENT_TARGET = 8.1;
				MTL_ENABLE_DEBUG_INFO = YES;
				ONLY_ACTIVE_ARCH = YES;
				SDKROOT = iphoneos;
				TARGETED_DEVICE_FAMILY = "1,2";
			};
			name = Debug;
		};
		C13626E71AA1D77C0050ED61 /* Release */ = {
			isa = XCBuildConfiguration;
			buildSettings = {
				ALWAYS_SEARCH_USER_PATHS = NO;
				CLANG_CXX_LANGUAGE_STANDARD = "gnu++0x";
				CLANG_CXX_LIBRARY = "libc++";
				CLANG_ENABLE_MODULES = YES;
				CLANG_ENABLE_OBJC_ARC = YES;
				CLANG_WARN_BOOL_CONVERSION = YES;
				CLANG_WARN_CONSTANT_CONVERSION = YES;
				CLANG_WARN_DIRECT_OBJC_ISA_USAGE = YES_ERROR;
				CLANG_WARN_EMPTY_BODY = YES;
				CLANG_WARN_ENUM_CONVERSION = YES;
				CLANG_WARN_INT_CONVERSION = YES;
				CLANG_WARN_OBJC_ROOT_CLASS = YES_ERROR;
				CLANG_WARN_UNREACHABLE_CODE = YES;
				CLANG_WARN__DUPLICATE_METHOD_MATCH = YES;
				"CODE_SIGN_IDENTITY[sdk=iphoneos*]" = "iPhone Developer";
				COPY_PHASE_STRIP = YES;
				ENABLE_NS_ASSERTIONS = NO;
				ENABLE_STRICT_OBJC_MSGSEND = YES;
				GCC_C_LANGUAGE_STANDARD = gnu99;
				GCC_WARN_64_TO_32_BIT_CONVERSION = YES;
				GCC_WARN_ABOUT_RETURN_TYPE = YES_ERROR;
				GCC_WARN_UNDECLARED_SELECTOR = YES;
				GCC_WARN_UNINITIALIZED_AUTOS = YES_AGGRESSIVE;
				GCC_WARN_UNUSED_FUNCTION = YES;
				GCC_WARN_UNUSED_VARIABLE = YES;
				IPHONEOS_DEPLOYMENT_TARGET = 8.1;
				MTL_ENABLE_DEBUG_INFO = NO;
				SDKROOT = iphoneos;
				TARGETED_DEVICE_FAMILY = "1,2";
				VALIDATE_PRODUCT = YES;
			};
			name = Release;
		};
		C13626E91AA1D77C0050ED61 /* Debug */ = {
			isa = XCBuildConfiguration;
			baseConfigurationReference = 6EF18D3258CC65FD03DD409D /* Pods.debug.xcconfig */;
			buildSettings = {
				ASSETCATALOG_COMPILER_APPICON_NAME = AppIcon;
				GCC_INCREASE_PRECOMPILED_HEADER_SHARING = NO;
				GCC_PRECOMPILE_PREFIX_HEADER = YES;
				GCC_PREFIX_HEADER = "SinaWeibo/SinaWeibo-Prefix.pch";
				INFOPLIST_FILE = SinaWeibo/Info.plist;
				LD_RUNPATH_SEARCH_PATHS = "$(inherited) @executable_path/Frameworks";
				PRODUCT_NAME = "$(TARGET_NAME)";
			};
			name = Debug;
		};
		C13626EA1AA1D77C0050ED61 /* Release */ = {
			isa = XCBuildConfiguration;
			baseConfigurationReference = 900A930AC10CF71D63048822 /* Pods.release.xcconfig */;
			buildSettings = {
				ASSETCATALOG_COMPILER_APPICON_NAME = AppIcon;
				GCC_INCREASE_PRECOMPILED_HEADER_SHARING = NO;
				GCC_PRECOMPILE_PREFIX_HEADER = YES;
				GCC_PREFIX_HEADER = "SinaWeibo/SinaWeibo-Prefix.pch";
				INFOPLIST_FILE = SinaWeibo/Info.plist;
				LD_RUNPATH_SEARCH_PATHS = "$(inherited) @executable_path/Frameworks";
				PRODUCT_NAME = "$(TARGET_NAME)";
			};
			name = Release;
		};
		C13626EC1AA1D77C0050ED61 /* Debug */ = {
			isa = XCBuildConfiguration;
			buildSettings = {
				BUNDLE_LOADER = "$(TEST_HOST)";
				FRAMEWORK_SEARCH_PATHS = (
					"$(SDKROOT)/Developer/Library/Frameworks",
					"$(inherited)",
				);
				GCC_PREPROCESSOR_DEFINITIONS = (
					"DEBUG=1",
					"$(inherited)",
				);
				INFOPLIST_FILE = SinaWeiboTests/Info.plist;
				LD_RUNPATH_SEARCH_PATHS = "$(inherited) @executable_path/Frameworks @loader_path/Frameworks";
				PRODUCT_NAME = "$(TARGET_NAME)";
				TEST_HOST = "$(BUILT_PRODUCTS_DIR)/SinaWeibo.app/SinaWeibo";
			};
			name = Debug;
		};
		C13626ED1AA1D77C0050ED61 /* Release */ = {
			isa = XCBuildConfiguration;
			buildSettings = {
				BUNDLE_LOADER = "$(TEST_HOST)";
				FRAMEWORK_SEARCH_PATHS = (
					"$(SDKROOT)/Developer/Library/Frameworks",
					"$(inherited)",
				);
				INFOPLIST_FILE = SinaWeiboTests/Info.plist;
				LD_RUNPATH_SEARCH_PATHS = "$(inherited) @executable_path/Frameworks @loader_path/Frameworks";
				PRODUCT_NAME = "$(TARGET_NAME)";
				TEST_HOST = "$(BUILT_PRODUCTS_DIR)/SinaWeibo.app/SinaWeibo";
			};
			name = Release;
		};
/* End XCBuildConfiguration section */

/* Begin XCConfigurationList section */
		C13626C01AA1D77B0050ED61 /* Build configuration list for PBXProject "SinaWeibo" */ = {
			isa = XCConfigurationList;
			buildConfigurations = (
				C13626E61AA1D77C0050ED61 /* Debug */,
				C13626E71AA1D77C0050ED61 /* Release */,
			);
			defaultConfigurationIsVisible = 0;
			defaultConfigurationName = Release;
		};
		C13626E81AA1D77C0050ED61 /* Build configuration list for PBXNativeTarget "SinaWeibo" */ = {
			isa = XCConfigurationList;
			buildConfigurations = (
				C13626E91AA1D77C0050ED61 /* Debug */,
				C13626EA1AA1D77C0050ED61 /* Release */,
			);
			defaultConfigurationIsVisible = 0;
			defaultConfigurationName = Release;
		};
		C13626EB1AA1D77C0050ED61 /* Build configuration list for PBXNativeTarget "SinaWeiboTests" */ = {
			isa = XCConfigurationList;
			buildConfigurations = (
				C13626EC1AA1D77C0050ED61 /* Debug */,
				C13626ED1AA1D77C0050ED61 /* Release */,
			);
			defaultConfigurationIsVisible = 0;
			defaultConfigurationName = Release;
		};
/* End XCConfigurationList section */
	};
	rootObject = C13626BD1AA1D77B0050ED61 /* Project object */;
}
